
Microsoft Visual Studio Solution File, Format Version 12.00
# Visual Studio Version 16
VisualStudioVersion = 16.0.31112.23
MinimumVisualStudioVersion = 10.0.40219.1
Project("{FAE04EC0-301F-11D3-BF4B-00C04F79EFBC}") = "KalkulatorSederhana", "KalkulatorSederhana\KalkulatorSederhana.csproj", "{EC197DFD-B58A-404A-BBE3-6BD803204ED1}"
EndProject
Global
	GlobalSection(SolutionConfigurationPlatforms) = preSolution
		Debug|Any CPU = Debug|Any CPU
		Release|Any CPU = Release|Any CPU
	EndGlobalSection
	GlobalSection(ProjectConfigurationPlatforms) = postSolution
		{EC197DFD-B58A-404A-BBE3-6BD803204ED1}.Debug|Any CPU.ActiveCfg = Debug|Any CPU
		{EC197DFD-B58A-404A-BBE3-6BD803204ED1}.Debug|Any CPU.Build.0 = Debug|Any CPU
		{EC197DFD-B58A-404A-BBE3-6BD803204ED1}.Release|Any CPU.ActiveCfg = Release|Any CPU
		{EC197DFD-B58A-404A-BBE3-6BD803204ED1}.Release|Any CPU.Build.0 = Release|Any CPU
	EndGlobalSection
	GlobalSection(SolutionProperties) = preSolution
		HideSolutionNode = FALSE
	EndGlobalSection
	GlobalSection(ExtensibilityGlobals) = postSolution
		SolutionGuid = {CC72E375-BEC8-4995-A068-00B2CEBC3B36}
	EndGlobalSection
EndGlobal
